{
  "name": "powerup-http-module",
  "version": "1.0.0",
  "lockfileVersion": 2,
  "requires": true,
  "packages": {
    "": {
      "version": "1.0.0",
      "license": "ISC",
      "dependencies": {
        "c4console": "^1.0.9"
      }
    },
    "node_modules/c4console": {
      "version": "1.0.9",
      "resolved": "https://registry.npmjs.org/c4console/-/c4console-1.0.9.tgz",
      "integrity": "sha512-nPLY9nKuoxzZ+eXemHKNl/TIkJMVezq2YBg+xWNmUBpoAE/6/Ncsq6hRtxMZ1b4BoA9wENeue2wDvKpMKN94mw=="
    },
    "node_modules/http-with-methods": {
      "version": "1.0.0",
      "extraneous": true,
      "license": "ISC"
    }
  },
  "dependencies": {
    "c4console": {
      "version": "1.0.9",
      "resolved": "https://registry.npmjs.org/c4console/-/c4console-1.0.9.tgz",
      "integrity": "sha512-nPLY9nKuoxzZ+eXemHKNl/TIkJMVezq2YBg+xWNmUBpoAE/6/Ncsq6hRtxMZ1b4BoA9wENeue2wDvKpMKN94mw=="
    },
    "http-with-methods": {
      "version": "1.0.0",
      "extraneous": true
    }
  }
}
